// !$*UTF8*$!
{
	archiveVersion = 1;
	classes = {
	};
	objectVersion = 50;
	objects = {

/* Begin PBXBuildFile section */
		7C52798C22C28A15000AD04C /* AppDelegate.swift in Sources */ = {isa = PBXBuildFile; fileRef = 7C52798B22C28A15000AD04C /* AppDelegate.swift */; };
		7C52798E22C28A15000AD04C /* ViewController.swift in Sources */ = {isa = PBXBuildFile; fileRef = 7C52798D22C28A15000AD04C /* ViewController.swift */; };
		7C52799122C28A15000AD04C /* Main.storyboard in Resources */ = {isa = PBXBuildFile; fileRef = 7C52798F22C28A15000AD04C /* Main.storyboard */; };
		7C52799322C28A16000AD04C /* Assets.xcassets in Resources */ = {isa = PBXBuildFile; fileRef = 7C52799222C28A16000AD04C /* Assets.xcassets */; };
		7C52799622C28A16000AD04C /* LaunchScreen.storyboard in Resources */ = {isa = PBXBuildFile; fileRef = 7C52799422C28A16000AD04C /* LaunchScreen.storyboard */; };
/* End PBXBuildFile section */

/* Begin PBXFileReference section */
		7C52798822C28A15000AD04C /* PokeDexInClass.app */ = {isa = PBXFileReference; explicitFileType = wrapper.application; includeInIndex = 0; path = PokeDexInClass.app; sourceTree = BUILT_PRODUCTS_DIR; };
		7C52798B22C28A15000AD04C /* AppDelegate.swift */ = {isa = PBXFileReference; lastKnownFileType = sourcecode.swift; path = AppDelegate.swift; sourceTree = "<group>"; };
		7C52798D22C28A15000AD04C /* ViewController.swift */ = {isa = PBXFileReference; lastKnownFileType = sourcecode.swift; path = ViewController.swift; sourceTree = "<group>"; };
		7C52799022C28A15000AD04C /* Base */ = {isa = PBXFileReference; lastKnownFileType = file.storyboard; name = Base; path = Base.lproj/Main.storyboard; sourceTree = "<group>"; };
		7C52799222C28A16000AD04C /* Assets.xcassets */ = {isa = PBXFileReference; lastKnownFileType = folder.assetcatalog; path = Assets.xcassets; sourceTree = "<group>"; };
		7C52799522C28A16000AD04C /* Base */ = {isa = PBXFileReference; lastKnownFileType = file.storyboard; name = Base; path = Base.lproj/LaunchScreen.storyboard; sourceTree = "<group>"; };
		7C52799722C28A16000AD04C /* Info.plist */ = {isa = PBXFileReference; lastKnownFileType = text.plist.xml; path = Info.plist; sourceTree = "<group>"; };
/* End PBXFileReference section */

/* Begin PBXFrameworksBuildPhase section */
		7C52798522C28A15000AD04C /* Frameworks */ = {
			isa = PBXFrameworksBuildPhase;
			buildActionMask = 2147483647;
			files = (
			);
			runOnlyForDeploymentPostprocessing = 0;
		};
/* End PBXFrameworksBuildPhase section */

/* Begin PBXGroup section */
		7C52797F22C28A15000AD04C = {
			isa = PBXGroup;
			children = (
				7C52798A22C28A15000AD04C /* PokeDexInClass */,
				7C52798922C28A15000AD04C /* Products */,
			);
			sourceTree = "<group>";
		};
		7C52798922C28A15000AD04C /* Products */ = {
			isa = PBXGroup;
			children = (
				7C52798822C28A15000AD04C /* PokeDexInClass.app */,
			);
			name = Products;
			sourceTree = "<group>";
		};
		7C52798A22C28A15000AD04C /* PokeDexInClass */ = {
			isa = PBXGroup;
			children = (
				7C52799D22C28A77000AD04C /* Resources */,
				7C52799F22C28A90000AD04C /* View Controllers */,
				7C52799E22C28A89000AD04C /* UI */,
			);
			path = PokeDexInClass;
			sourceTree = "<group>";
		};
		7C52799D22C28A77000AD04C /* Resources */ = {
			isa = PBXGroup;
			children = (
				7C52798B22C28A15000AD04C /* AppDelegate.swift */,
				7C52799222C28A16000AD04C /* Assets.xcassets */,
				7C52799422C28A16000AD04C /* LaunchScreen.storyboard */,
				7C52799722C28A16000AD04C /* Info.plist */,
			);
			path = Resources;
			sourceTree = "<group>";
		};
		7C52799E22C28A89000AD04C /* UI */ = {
			isa = PBXGroup;
			children = (
				7C52798F22C28A15000AD04C /* Main.storyboard */,
			);
			path = UI;
			sourceTree = "<group>";
		};
		7C52799F22C28A90000AD04C /* View Controllers */ = {
			isa = PBXGroup;
			children = (
				7C52798D22C28A15000AD04C /* ViewController.swift */,
			);
			path = "View Controllers";
			sourceTree = "<group>";
		};
/* End PBXGroup section */

/* Begin PBXNativeTarget section */
		7C52798722C28A15000AD04C /* PokeDexInClass */ = {
			isa = PBXNativeTarget;
			buildConfigurationList = 7C52799A22C28A16000AD04C /* Build configuration list for PBXNativeTarget "PokeDexInClass" */;
			buildPhases = (
				7C52798422C28A15000AD04C /* Sources */,
				7C52798522C28A15000AD04C /* Frameworks */,
				7C52798622C28A15000AD04C /* Resources */,
			);
			buildRules = (
			);
			dependencies = (
			);
			name = PokeDexInClass;
			productName = PokeDexInClass;
			productReference = 7C52798822C28A15000AD04C /* PokeDexInClass.app */;
			productType = "com.apple.product-type.application";
		};
/* End PBXNativeTarget section */

/* Begin PBXProject section */
		7C52798022C28A15000AD04C /* Project object */ = {
			isa = PBXProject;
			attributes = {
				LastSwiftUpdateCheck = 1020;
				LastUpgradeCheck = 1020;
				ORGANIZATIONNAME = "Nic Gibson";
				TargetAttributes = {
					7C52798722C28A15000AD04C = {
						CreatedOnToolsVersion = 10.2.1;
					};
				};
			};
			buildConfigurationList = 7C52798322C28A15000AD04C /* Build configuration list for PBXProject "PokeDexInClass" */;
			compatibilityVersion = "Xcode 9.3";
			developmentRegion = en;
			hasScannedForEncodings = 0;
			knownRegions = (
				en,
				Base,
			);
			mainGroup = 7C52797F22C28A15000AD04C;
			productRefGroup = 7C52798922C28A15000AD04C /* Products */;
			projectDirPath = "";
			projectRoot = "";
			targets = (
				7C52798722C28A15000AD04C /* PokeDexInClass */,
			);
		};
/* End PBXProject section */

/* Begin PBXResourcesBuildPhase section */
		7C52798622C28A15000AD04C /* Resources */ = {
			isa = PBXResourcesBuildPhase;
			buildActionMask = 2147483647;
			files = (
				7C52799622C28A16000AD04C /* LaunchScreen.storyboard in Resources */,
				7C52799322C28A16000AD04C /* Assets.xcassets in Resources */,
				7C52799122C28A15000AD04C /* Main.storyboard in Resources */,
			);
			runOnlyForDeploymentPostprocessing = 0;
		};
/* End PBXResourcesBuildPhase section */

/* Begin PBXSourcesBuildPhase section */
		7C52798422C28A15000AD04C /* Sources */ = {
			isa = PBXSourcesBuildPhase;
			buildActionMask = 2147483647;
			files = (
				7C52798E22C28A15000AD04C /* ViewController.swift in Sources */,
				7C52798C22C28A15000AD04C /* AppDelegate.swift in Sources */,
			);
			runOnlyForDeploymentPostprocessing = 0;
		};
/* End PBXSourcesBuildPhase section */

/* Begin PBXVariantGroup section */
		7C52798F22C28A15000AD04C /* Main.storyboard */ = {
			isa = PBXVariantGroup;
			children = (
				7C52799022C28A15000AD04C /* Base */,
			);
			name = Main.storyboard;
			sourceTree = "<group>";
		};
		7C52799422C28A16000AD04C /* LaunchScreen.storyboard */ = {
			isa = PBXVariantGroup;
			children = (
				7C52799522C28A16000AD04C /* Base */,
			);
			name = LaunchScreen.storyboard;
			sourceTree = "<group>";
		};
/* End PBXVariantGroup section */

/* Begin XCBuildConfiguration section */
		7C52799822C28A16000AD04C /* Debug */ = {
			isa = XCBuildConfiguration;
			buildSettings = {
				ALWAYS_SEARCH_USER_PATHS = NO;
				CLANG_ANALYZER_NONNULL = YES;
				CLANG_ANALYZER_NUMBER_OBJECT_CONVERSION = YES_AGGRESSIVE;
				CLANG_CXX_LANGUAGE_STANDARD = "gnu++14";
				CLANG_CXX_LIBRARY = "libc++";
				CLANG_ENABLE_MODULES = YES;
				CLANG_ENABLE_OBJC_ARC = YES;
				CLANG_ENABLE_OBJC_WEAK = YES;
				CLANG_WARN_BLOCK_CAPTURE_AUTORELEASING = YES;
				CLANG_WARN_BOOL_CONVERSION = YES;
				CLANG_WARN_COMMA = YES;
				CLANG_WARN_CONSTANT_CONVERSION = YES;
				CLANG_WARN_DEPRECATED_OBJC_IMPLEMENTATIONS = YES;
				CLANG_WARN_DIRECT_OBJC_ISA_USAGE = YES_ERROR;
				CLANG_WARN_DOCUMENTATION_COMMENTS = YES;
				CLANG_WARN_EMPTY_BODY = YES;
				CLANG_WARN_ENUM_CONVERSION = YES;
				CLANG_WARN_INFINITE_RECURSION = YES;
				CLANG_WARN_INT_CONVERSION = YES;
				CLANG_WARN_NON_LITERAL_NULL_CONVERSION = YES;
				CLANG_WARN_OBJC_IMPLICIT_RETAIN_SELF = YES;
				CLANG_WARN_OBJC_LITERAL_CONVERSION = YES;
				CLANG_WARN_OBJC_ROOT_CLASS = YES_ERROR;
				CLANG_WARN_RANGE_LOOP_ANALYSIS = YES;
				CLANG_WARN_STRICT_PROTOTYPES = YES;
				CLANG_WARN_SUSPICIOUS_MOVE = YES;
				CLANG_WARN_UNGUARDED_AVAILABILITY = YES_AGGRESSIVE;
				CLANG_WARN_UNREACHABLE_CODE = YES;
				CLANG_WARN__DUPLICATE_METHOD_MATCH = YES;
				CODE_SIGN_IDENTITY = "iPhone Developer";
				COPY_PHASE_STRIP = NO;
				DEBUG_INFORMATION_FORMAT = dwarf;
				ENABLE_STRICT_OBJC_MSGSEND = YES;
				ENABLE_TESTABILITY = YES;
				GCC_C_LANGUAGE_STANDARD = gnu11;
				GCC_DYNAMIC_NO_PIC = NO;
				GCC_NO_COMMON_BLOCKS = YES;
				GCC_OPTIMIZATION_LEVEL = 0;
				GCC_PREPROCESSOR_DEFINITIONS = (
					"DEBUG=1",
					"$(inherited)",
				);
				GCC_WARN_64_TO_32_BIT_CONVERSION = YES;
				GCC_WARN_ABOUT_RETURN_TYPE = YES_ERROR;
				GCC_WARN_UNDECLARED_SELECTOR = YES;
				GCC_WARN_UNINITIALIZED_AUTOS = YES_AGGRESSIVE;
				GCC_WARN_UNUSED_FUNCTION = YES;
				GCC_WARN_UNUSED_VARIABLE = YES;
				IPHONEOS_DEPLOYMENT_TARGET = 12.2;
				MTL_ENABLE_DEBUG_INFO = INCLUDE_SOURCE;
				MTL_FAST_MATH = YES;
				ONLY_ACTIVE_ARCH = YES;
				SDKROOT = iphoneos;
				SWIFT_ACTIVE_COMPILATION_CONDITIONS = DEBUG;
				SWIFT_OPTIMIZATION_LEVEL = "-Onone";
			};
			name = Debug;
		};
		7C52799922C28A16000AD04C /* Release */ = {
			isa = XCBuildConfiguration;
			buildSettings = {
				ALWAYS_SEARCH_USER_PATHS = NO;
				CLANG_ANALYZER_NONNULL = YES;
				CLANG_ANALYZER_NUMBER_OBJECT_CONVERSION = YES_AGGRESSIVE;
				CLANG_CXX_LANGUAGE_STANDARD = "gnu++14";
				CLANG_CXX_LIBRARY = "libc++";
				CLANG_ENABLE_MODULES = YES;
				CLANG_ENABLE_OBJC_ARC = YES;
				CLANG_ENABLE_OBJC_WEAK = YES;
				CLANG_WARN_BLOCK_CAPTURE_AUTORELEASING = YES;
				CLANG_WARN_BOOL_CONVERSION = YES;
				CLANG_WARN_COMMA = YES;
				CLANG_WARN_CONSTANT_CONVERSION = YES;
				CLANG_WARN_DEPRECATED_OBJC_IMPLEMENTATIONS = YES;
				CLANG_WARN_DIRECT_OBJC_ISA_USAGE = YES_ERROR;
				CLANG_WARN_DOCUMENTATION_COMMENTS = YES;
				CLANG_WARN_EMPTY_BODY = YES;
				CLANG_WARN_ENUM_CONVERSION = YES;
				CLANG_WARN_INFINITE_RECURSION = YES;
				CLANG_WARN_INT_CONVERSION = YES;
				CLANG_WARN_NON_LITERAL_NULL_CONVERSION = YES;
				CLANG_WARN_OBJC_IMPLICIT_RETAIN_SELF = YES;
				CLANG_WARN_OBJC_LITERAL_CONVERSION = YES;
				CLANG_WARN_OBJC_ROOT_CLASS = YES_ERROR;
				CLANG_WARN_RANGE_LOOP_ANALYSIS = YES;
				CLANG_WARN_STRICT_PROTOTYPES = YES;
				CLANG_WARN_SUSPICIOUS_MOVE = YES;
				CLANG_WARN_UNGUARDED_AVAILABILITY = YES_AGGRESSIVE;
				CLANG_WARN_UNREACHABLE_CODE = YES;
				CLANG_WARN__DUPLICATE_METHOD_MATCH = YES;
				CODE_SIGN_IDENTITY = "iPhone Developer";
				COPY_PHASE_STRIP = NO;
				DEBUG_INFORMATION_FORMAT = "dwarf-with-dsym";
				ENABLE_NS_ASSERTIONS = NO;
				ENABLE_STRICT_OBJC_MSGSEND = YES;
				GCC_C_LANGUAGE_STANDARD = gnu11;
				GCC_NO_COMMON_BLOCKS = YES;
				GCC_WARN_64_TO_32_BIT_CONVERSION = YES;
				GCC_WARN_ABOUT_RETURN_TYPE = YES_ERROR;
				GCC_WARN_UNDECLARED_SELECTOR = YES;
				GCC_WARN_UNINITIALIZED_AUTOS = YES_AGGRESSIVE;
				GCC_WARN_UNUSED_FUNCTION = YES;
				GCC_WARN_UNUSED_VARIABLE = YES;
				IPHONEOS_DEPLOYMENT_TARGET = 12.2;
				MTL_ENABLE_DEBUG_INFO = NO;
				MTL_FAST_MATH = YES;
				SDKROOT = iphoneos;
				SWIFT_COMPILATION_MODE = wholemodule;
				SWIFT_OPTIMIZATION_LEVEL = "-O";
				VALIDATE_PRODUCT = YES;
			};
			name = Release;
		};
		7C52799B22C28A16000AD04C /* Debug */ = {
			isa = XCBuildConfiguration;
			buildSettings = {
				ASSETCATALOG_COMPILER_APPICON_NAME = AppIcon;
				CODE_SIGN_STYLE = Automatic;
				DEVELOPMENT_TEAM = 2HLC2FMZN4;
				INFOPLIST_FILE = "$(SRCROOT)/PokeDexInClass/Resources/Info.plist";
				LD_RUNPATH_SEARCH_PATHS = (
					"$(inherited)",
					"@executable_path/Frameworks",
				);
				PRODUCT_BUNDLE_IDENTIFIER = com.interactivesportsapps.PokeDexInClass;
				PRODUCT_NAME = "$(TARGET_NAME)";
				SWIFT_VERSION = 5.0;
				TARGETED_DEVICE_FAMILY = "1,2";
			};
			name = Debug;
		};
		7C52799C22C28A16000AD04C /* Release */ = {
			isa = XCBuildConfiguration;
			buildSettings = {
				ASSETCATALOG_COMPILER_APPICON_NAME = AppIcon;
				CODE_SIGN_STYLE = Automatic;
				DEVELOPMENT_TEAM = 2HLC2FMZN4;
				INFOPLIST_FILE = "$(SRCROOT)/PokeDexInClass/Resources/Info.plist";
				LD_RUNPATH_SEARCH_PATHS = (
					"$(inherited)",
					"@executable_path/Frameworks",
				);
				PRODUCT_BUNDLE_IDENTIFIER = com.interactivesportsapps.PokeDexInClass;
				PRODUCT_NAME = "$(TARGET_NAME)";
				SWIFT_VERSION = 5.0;
				TARGETED_DEVICE_FAMILY = "1,2";
			};
			name = Release;
		};
/* End XCBuildConfiguration section */

/* Begin XCConfigurationList section */
		7C52798322C28A15000AD04C /* Build configuration list for PBXProject "PokeDexInClass" */ = {
			isa = XCConfigurationList;
			buildConfigurations = (
				7C52799822C28A16000AD04C /* Debug */,
				7C52799922C28A16000AD04C /* Release */,
			);
			defaultConfigurationIsVisible = 0;
			defaultConfigurationName = Release;
		};
		7C52799A22C28A16000AD04C /* Build configuration list for PBXNativeTarget "PokeDexInClass" */ = {
			isa = XCConfigurationList;
			buildConfigurations = (
				7C52799B22C28A16000AD04C /* Debug */,
				7C52799C22C28A16000AD04C /* Release */,
			);
			defaultConfigurationIsVisible = 0;
			defaultConfigurationName = Release;
		};
/* End XCConfigurationList section */
	};
	rootObject = 7C52798022C28A15000AD04C /* Project object */;
}
